github.com/maeck70/yaml-config v0.0.0-20241015032140-40f7dbdd903b h1:4yNRbhjl4cNIs55kXJ2PGbEoKcuUZYuO9FJVcbvIZwo=
github.com/maeck70/yaml-config v0.0.0-20241015032140-40f7dbdd903b/go.mod h1:dLmq/0wZcj4vRMcKWz53+O4sXVVvMXFp2j3xIBSgu90=
github.com/maeck70/yaml-config v0.0.0-20241119070304-9580ee5a5eff h1:4+WeO2N8Obnr36RQPVA7zGV3oIGV5h0h0PGbtiD1oTg=
github.com/maeck70/yaml-config v0.0.0-20241119070304-9580ee5a5eff/go.mod h1:dLmq/0wZcj4vRMcKWz53+O4sXVVvMXFp2j3xIBSgu90=
github.com/maeck70/yaml-config v0.0.0-20241119070407-8511d401de1b h1:p5NtDYpCE1MpmIkjv21YTMO1+MfSfJctX4hKuU3BP+I=
github.com/maeck70/yaml-config v0.0.0-20241119070407-8511d401de1b/go.mod h1:dLmq/0wZcj4vRMcKWz53+O4sXVVvMXFp2j3xIBSgu90=
github.com/maeck70/yaml-config v0.0.0-20241119071037-54b0f2c88ff1 h1:agrqfureix+w4Q2QeE6MbBxV058eMLARK0v32l6bjlA=
github.com/maeck70/yaml-config v0.0.0-20241119071037-54b0f2c88ff1/go.mod h1:dLmq/0wZcj4vRMcKWz53+O4sXVVvMXFp2j3xIBSgu90=
github.com/maeck70/yaml-config v0.0.0-20241119071621-2ce2c1bb7ef0 h1:sWbGBhxuQSn0KZEMfxC5AD+aniiHzfOX0m7uxmzVww4=
github.com/maeck70/yaml-config v0.0.0-20241119071621-2ce2c1bb7ef0/go.mod h1:dLmq/0wZcj4vRMcKWz53+O4sXVVvMXFp2j3xIBSgu90=
github.com/maeck70/yaml-config v0.0.0-20241119072316-5630a64426be h1:0eV6f7Xcwx4znkWjpKh53SxUtSKcLZEO8R2+D6W1vPQ=
github.com/maeck70/yaml-config v0.0.0-20241119072316-5630a64426be/go.mod h1:dLmq/0wZcj4vRMcKWz53+O4sXVVvMXFp2j3xIBSgu90=
github.com/maeck70/yaml-config v0.0.0-20241119072817-aa68b2c20674 h1:Sev6Snp8PMV5ILZDr87VKIYzdRbaYESQvMiJL8ocirg=
github.com/maeck70/yaml-config v0.0.0-20241119072817-aa68b2c20674/go.mod h1:dLmq/0wZcj4vRMcKWz53+O4sXVVvMXFp2j3xIBSgu90=
github.com/maeck70/yaml-config v0.0.0-20241119072936-111b041082d8 h1:aW5NaPKr1F666qM+6tk0fuJmz5uPemwDAJCMtb7ThkM=
github.com/maeck70/yaml-config v0.0.0-20241119072936-111b041082d8/go.mod h1:dLmq/0wZcj4vRMcKWz53+O4sXVVvMXFp2j3xIBSgu90=
github.com/maeck70/yaml-config v0.0.0-20241119073311-d1f34f47eccd h1:L0cjqguNP2saNf5xUR+rwbjDM6dpqFo2I6TZQZ0WR4A=
github.com/maeck70/yaml-config v0.0.0-20241119073311-d1f34f47eccd/go.mod h1:dLmq/0wZcj4vRMcKWz53+O4sXVVvMXFp2j3xIBSgu90=
github.com/maeck70/yaml-config v0.0.0-20241119073402-73c4b1870fe7 h1:Zr4OClRJVb1MvR+eXpWPamhkT5zI+Wo7gd+UGgrQ/yI=
github.com/maeck70/yaml-config v0.0.0-20241119073402-73c4b1870fe7/go.mod h1:dLmq/0wZcj4vRMcKWz53+O4sXVVvMXFp2j3xIBSgu90=
github.com/maeck70/yaml-config v0.0.0-20241119073931-75b6fbae4489 h1:kToLT8Y8fPtW9TGy8rz5IIBu9kAGhTlCJktdC03a4XQ=
github.com/maeck70/yaml-config v0.0.0-20241119073931-75b6fbae4489/go.mod h1:dLmq/0wZcj4vRMcKWz53+O4sXVVvMXFp2j3xIBSgu90=
github.com/maeck70/yaml-config v0.0.0-20241119074217-65b105b50bfb h1:Tjn2xglO6l/89JLN9VUhuGfkNul05HvokDxcqOiU3yQ=
github.com/maeck70/yaml-config v0.0.0-20241119074217-65b105b50bfb/go.mod h1:dLmq/0wZcj4vRMcKWz53+O4sXVVvMXFp2j3xIBSgu90=
github.com/maeck70/yaml-config v0.0.0-20241119074714-3b00b43a9ce8 h1:qdjjMHkpqS1gCteE0OjdPMjbkT7hU6mQl3bAY7Qwuz0=
github.com/maeck70/yaml-config v0.0.0-20241119074714-3b00b43a9ce8/go.mod h1:dLmq/0wZcj4vRMcKWz53+O4sXVVvMXFp2j3xIBSgu90=
github.com/mitchellh/mapstructure v1.5.0 h1:jeMsZIYE/09sWLaz43PL7Gy6RuMjD2eJVyuac5Z2hdY=
github.com/mitchellh/mapstructure v1.5.0/go.mod h1:bFUtVrKA4DC2yAKiSyO/QUcy7e+RRV2QTWOzhPopBRo=
gopkg.in/check.v1 v0.0.0-20161208181325-20d25e280405 h1:yhCVgyC4o1eVCa2tZl7eS0r+SDo693bJlVdllGtEeKM=
gopkg.in/check.v1 v0.0.0-20161208181325-20d25e280405/go.mod h1:Co6ibVJAznAaIkqp8huTwlJQCZ016jof/cbN4VW5Yz0=
gopkg.in/yaml.v3 v3.0.1 h1:fxVm/GzAzEWqLHuvctI91KS9hhNmmWOoWu0XTYJS7CA=
gopkg.in/yaml.v3 v3.0.1/go.mod h1:K4uyk7z7BCEPqu6E+C64Yfv1cQ7kz7rIZviUmN+EgEM=
